
Microsoft Visual Studio Solution File, Format Version 12.00
# Visual Studio Version 16
VisualStudioVersion = 16.0.29905.134
MinimumVisualStudioVersion = 10.0.40219.1
Project("{FAE04EC0-301F-11D3-BF4B-00C04F79EFBC}") = "Redcarpet.BDDtesting", "Redcarpet.BDDtesting\Redcarpet.BDDtesting.csproj", "{7C2FA1FE-D9C9-4EE3-87B4-6F7AA65C5A0D}"
EndProject
Global
	GlobalSection(SolutionConfigurationPlatforms) = preSolution
		Debug|Any CPU = Debug|Any CPU
		Release|Any CPU = Release|Any CPU
	EndGlobalSection
	GlobalSection(ProjectConfigurationPlatforms) = postSolution
		{7C2FA1FE-D9C9-4EE3-87B4-6F7AA65C5A0D}.Debug|Any CPU.ActiveCfg = Debug|Any CPU
		{7C2FA1FE-D9C9-4EE3-87B4-6F7AA65C5A0D}.Debug|Any CPU.Build.0 = Debug|Any CPU
		{7C2FA1FE-D9C9-4EE3-87B4-6F7AA65C5A0D}.Release|Any CPU.ActiveCfg = Release|Any CPU
		{7C2FA1FE-D9C9-4EE3-87B4-6F7AA65C5A0D}.Release|Any CPU.Build.0 = Release|Any CPU
	EndGlobalSection
	GlobalSection(SolutionProperties) = preSolution
		HideSolutionNode = FALSE
	EndGlobalSection
	GlobalSection(ExtensibilityGlobals) = postSolution
		SolutionGuid = {050351EC-EE5F-4712-BDAC-77D72A5C9339}
	EndGlobalSection
EndGlobal
